
Microsoft Visual Studio Solution File, Format Version 12.00
# Visual Studio Version 16
VisualStudioVersion = 16.0.31613.86
MinimumVisualStudioVersion = 10.0.40219.1
Project("{FAE04EC0-301F-11D3-BF4B-00C04F79EFBC}") = "FlowChart_InCLASS", "FlowChart_InCLASS\FlowChart_InCLASS.csproj", "{2E549E4A-5C6E-4241-A26E-AE5EEA453832}"
EndProject
Global
	GlobalSection(SolutionConfigurationPlatforms) = preSolution
		Debug|Any CPU = Debug|Any CPU
		Release|Any CPU = Release|Any CPU
	EndGlobalSection
	GlobalSection(ProjectConfigurationPlatforms) = postSolution
		{2E549E4A-5C6E-4241-A26E-AE5EEA453832}.Debug|Any CPU.ActiveCfg = Debug|Any CPU
		{2E549E4A-5C6E-4241-A26E-AE5EEA453832}.Debug|Any CPU.Build.0 = Debug|Any CPU
		{2E549E4A-5C6E-4241-A26E-AE5EEA453832}.Release|Any CPU.ActiveCfg = Release|Any CPU
		{2E549E4A-5C6E-4241-A26E-AE5EEA453832}.Release|Any CPU.Build.0 = Release|Any CPU
	EndGlobalSection
	GlobalSection(SolutionProperties) = preSolution
		HideSolutionNode = FALSE
	EndGlobalSection
	GlobalSection(ExtensibilityGlobals) = postSolution
		SolutionGuid = {2746A268-6608-44FD-AF86-A5CA2B34FC47}
	EndGlobalSection
EndGlobal
